// !$*UTF8*$!
{
	archiveVersion = 1;
	classes = {
	};
	objectVersion = 55;
	objects = {

/* Begin PBXBuildFile section */
		07A61E4626764E7A0003DBFC /* AppDelegate.swift in Sources */ = {isa = PBXBuildFile; fileRef = 07A61E4526764E7A0003DBFC /* AppDelegate.swift */; };
		07A61E4826764E7A0003DBFC /* SceneDelegate.swift in Sources */ = {isa = PBXBuildFile; fileRef = 07A61E4726764E7A0003DBFC /* SceneDelegate.swift */; };
		07A61E4A26764E7A0003DBFC /* ViewController.swift in Sources */ = {isa = PBXBuildFile; fileRef = 07A61E4926764E7A0003DBFC /* ViewController.swift */; };
		07A61E4D26764E7A0003DBFC /* Main.storyboard in Resources */ = {isa = PBXBuildFile; fileRef = 07A61E4B26764E7A0003DBFC /* Main.storyboard */; };
		07A61E4F26764E7B0003DBFC /* Assets.xcassets in Resources */ = {isa = PBXBuildFile; fileRef = 07A61E4E26764E7B0003DBFC /* Assets.xcassets */; };
		07A61E5226764E7B0003DBFC /* LaunchScreen.storyboard in Resources */ = {isa = PBXBuildFile; fileRef = 07A61E5026764E7B0003DBFC /* LaunchScreen.storyboard */; };
		07A61E5D26764E7B0003DBFC /* DownloadImageExampleAppTests.swift in Sources */ = {isa = PBXBuildFile; fileRef = 07A61E5C26764E7B0003DBFC /* DownloadImageExampleAppTests.swift */; };
		07A61E6726764E7C0003DBFC /* DownloadImageExampleAppUITests.swift in Sources */ = {isa = PBXBuildFile; fileRef = 07A61E6626764E7C0003DBFC /* DownloadImageExampleAppUITests.swift */; };
/* End PBXBuildFile section */

/* Begin PBXContainerItemProxy section */
		07A61E5926764E7B0003DBFC /* PBXContainerItemProxy */ = {
			isa = PBXContainerItemProxy;
			containerPortal = 07A61E3A26764E7A0003DBFC /* Project object */;
			proxyType = 1;
			remoteGlobalIDString = 07A61E4126764E7A0003DBFC;
			remoteInfo = DownloadImageExampleApp;
		};
		07A61E6326764E7C0003DBFC /* PBXContainerItemProxy */ = {
			isa = PBXContainerItemProxy;
			containerPortal = 07A61E3A26764E7A0003DBFC /* Project object */;
			proxyType = 1;
			remoteGlobalIDString = 07A61E4126764E7A0003DBFC;
			remoteInfo = DownloadImageExampleApp;
		};
/* End PBXContainerItemProxy section */

/* Begin PBXFileReference section */
		07A61E4226764E7A0003DBFC /* DownloadImageExampleApp.app */ = {isa = PBXFileReference; explicitFileType = wrapper.application; includeInIndex = 0; path = DownloadImageExampleApp.app; sourceTree = BUILT_PRODUCTS_DIR; };
		07A61E4526764E7A0003DBFC /* AppDelegate.swift */ = {isa = PBXFileReference; lastKnownFileType = sourcecode.swift; path = AppDelegate.swift; sourceTree = "<group>"; };
		07A61E4726764E7A0003DBFC /* SceneDelegate.swift */ = {isa = PBXFileReference; lastKnownFileType = sourcecode.swift; path = SceneDelegate.swift; sourceTree = "<group>"; };
		07A61E4926764E7A0003DBFC /* ViewController.swift */ = {isa = PBXFileReference; lastKnownFileType = sourcecode.swift; path = ViewController.swift; sourceTree = "<group>"; };
		07A61E4C26764E7A0003DBFC /* Base */ = {isa = PBXFileReference; lastKnownFileType = file.storyboard; name = Base; path = Base.lproj/Main.storyboard; sourceTree = "<group>"; };
		07A61E4E26764E7B0003DBFC /* Assets.xcassets */ = {isa = PBXFileReference; lastKnownFileType = folder.assetcatalog; path = Assets.xcassets; sourceTree = "<group>"; };
		07A61E5126764E7B0003DBFC /* Base */ = {isa = PBXFileReference; lastKnownFileType = file.storyboard; name = Base; path = Base.lproj/LaunchScreen.storyboard; sourceTree = "<group>"; };
		07A61E5326764E7B0003DBFC /* Info.plist */ = {isa = PBXFileReference; lastKnownFileType = text.plist.xml; path = Info.plist; sourceTree = "<group>"; };
		07A61E5826764E7B0003DBFC /* DownloadImageExampleAppTests.xctest */ = {isa = PBXFileReference; explicitFileType = wrapper.cfbundle; includeInIndex = 0; path = DownloadImageExampleAppTests.xctest; sourceTree = BUILT_PRODUCTS_DIR; };
		07A61E5C26764E7B0003DBFC /* DownloadImageExampleAppTests.swift */ = {isa = PBXFileReference; lastKnownFileType = sourcecode.swift; path = DownloadImageExampleAppTests.swift; sourceTree = "<group>"; };
		07A61E6226764E7C0003DBFC /* DownloadImageExampleAppUITests.xctest */ = {isa = PBXFileReference; explicitFileType = wrapper.cfbundle; includeInIndex = 0; path = DownloadImageExampleAppUITests.xctest; sourceTree = BUILT_PRODUCTS_DIR; };
		07A61E6626764E7C0003DBFC /* DownloadImageExampleAppUITests.swift */ = {isa = PBXFileReference; lastKnownFileType = sourcecode.swift; path = DownloadImageExampleAppUITests.swift; sourceTree = "<group>"; };
/* End PBXFileReference section */

/* Begin PBXFrameworksBuildPhase section */
		07A61E3F26764E7A0003DBFC /* Frameworks */ = {
			isa = PBXFrameworksBuildPhase;
			buildActionMask = 2147483647;
			files = (
			);
			runOnlyForDeploymentPostprocessing = 0;
		};
		07A61E5526764E7B0003DBFC /* Frameworks */ = {
			isa = PBXFrameworksBuildPhase;
			buildActionMask = 2147483647;
			files = (
			);
			runOnlyForDeploymentPostprocessing = 0;
		};
		07A61E5F26764E7C0003DBFC /* Frameworks */ = {
			isa = PBXFrameworksBuildPhase;
			buildActionMask = 2147483647;
			files = (
			);
			runOnlyForDeploymentPostprocessing = 0;
		};
/* End PBXFrameworksBuildPhase section */

/* Begin PBXGroup section */
		07A61E3926764E7A0003DBFC = {
			isa = PBXGroup;
			children = (
				07A61E4426764E7A0003DBFC /* DownloadImageExampleApp */,
				07A61E5B26764E7B0003DBFC /* DownloadImageExampleAppTests */,
				07A61E6526764E7C0003DBFC /* DownloadImageExampleAppUITests */,
				07A61E4326764E7A0003DBFC /* Products */,
			);
			sourceTree = "<group>";
		};
		07A61E4326764E7A0003DBFC /* Products */ = {
			isa = PBXGroup;
			children = (
				07A61E4226764E7A0003DBFC /* DownloadImageExampleApp.app */,
				07A61E5826764E7B0003DBFC /* DownloadImageExampleAppTests.xctest */,
				07A61E6226764E7C0003DBFC /* DownloadImageExampleAppUITests.xctest */,
			);
			name = Products;
			sourceTree = "<group>";
		};
		07A61E4426764E7A0003DBFC /* DownloadImageExampleApp */ = {
			isa = PBXGroup;
			children = (
				07A61E4526764E7A0003DBFC /* AppDelegate.swift */,
				07A61E4726764E7A0003DBFC /* SceneDelegate.swift */,
				07A61E4926764E7A0003DBFC /* ViewController.swift */,
				07A61E4B26764E7A0003DBFC /* Main.storyboard */,
				07A61E4E26764E7B0003DBFC /* Assets.xcassets */,
				07A61E5026764E7B0003DBFC /* LaunchScreen.storyboard */,
				07A61E5326764E7B0003DBFC /* Info.plist */,
			);
			path = DownloadImageExampleApp;
			sourceTree = "<group>";
		};
		07A61E5B26764E7B0003DBFC /* DownloadImageExampleAppTests */ = {
			isa = PBXGroup;
			children = (
				07A61E5C26764E7B0003DBFC /* DownloadImageExampleAppTests.swift */,
			);
			path = DownloadImageExampleAppTests;
			sourceTree = "<group>";
		};
		07A61E6526764E7C0003DBFC /* DownloadImageExampleAppUITests */ = {
			isa = PBXGroup;
			children = (
				07A61E6626764E7C0003DBFC /* DownloadImageExampleAppUITests.swift */,
			);
			path = DownloadImageExampleAppUITests;
			sourceTree = "<group>";
		};
/* End PBXGroup section */

/* Begin PBXNativeTarget section */
		07A61E4126764E7A0003DBFC /* DownloadImageExampleApp */ = {
			isa = PBXNativeTarget;
			buildConfigurationList = 07A61E6A26764E7C0003DBFC /* Build configuration list for PBXNativeTarget "DownloadImageExampleApp" */;
			buildPhases = (
				07A61E3E26764E7A0003DBFC /* Sources */,
				07A61E3F26764E7A0003DBFC /* Frameworks */,
				07A61E4026764E7A0003DBFC /* Resources */,
			);
			buildRules = (
			);
			dependencies = (
			);
			name = DownloadImageExampleApp;
			productName = DownloadImageExampleApp;
			productReference = 07A61E4226764E7A0003DBFC /* DownloadImageExampleApp.app */;
			productType = "com.apple.product-type.application";
		};
		07A61E5726764E7B0003DBFC /* DownloadImageExampleAppTests */ = {
			isa = PBXNativeTarget;
			buildConfigurationList = 07A61E6D26764E7C0003DBFC /* Build configuration list for PBXNativeTarget "DownloadImageExampleAppTests" */;
			buildPhases = (
				07A61E5426764E7B0003DBFC /* Sources */,
				07A61E5526764E7B0003DBFC /* Frameworks */,
				07A61E5626764E7B0003DBFC /* Resources */,
			);
			buildRules = (
			);
			dependencies = (
				07A61E5A26764E7B0003DBFC /* PBXTargetDependency */,
			);
			name = DownloadImageExampleAppTests;
			productName = DownloadImageExampleAppTests;
			productReference = 07A61E5826764E7B0003DBFC /* DownloadImageExampleAppTests.xctest */;
			productType = "com.apple.product-type.bundle.unit-test";
		};
		07A61E6126764E7C0003DBFC /* DownloadImageExampleAppUITests */ = {
			isa = PBXNativeTarget;
			buildConfigurationList = 07A61E7026764E7C0003DBFC /* Build configuration list for PBXNativeTarget "DownloadImageExampleAppUITests" */;
			buildPhases = (
				07A61E5E26764E7C0003DBFC /* Sources */,
				07A61E5F26764E7C0003DBFC /* Frameworks */,
				07A61E6026764E7C0003DBFC /* Resources */,
			);
			buildRules = (
			);
			dependencies = (
				07A61E6426764E7C0003DBFC /* PBXTargetDependency */,
			);
			name = DownloadImageExampleAppUITests;
			productName = DownloadImageExampleAppUITests;
			productReference = 07A61E6226764E7C0003DBFC /* DownloadImageExampleAppUITests.xctest */;
			productType = "com.apple.product-type.bundle.ui-testing";
		};
/* End PBXNativeTarget section */

/* Begin PBXProject section */
		07A61E3A26764E7A0003DBFC /* Project object */ = {
			isa = PBXProject;
			attributes = {
				BuildIndependentTargetsInParallel = 1;
				LastSwiftUpdateCheck = 1300;
				LastUpgradeCheck = 1300;
				TargetAttributes = {
					07A61E4126764E7A0003DBFC = {
						CreatedOnToolsVersion = 13.0;
					};
					07A61E5726764E7B0003DBFC = {
						CreatedOnToolsVersion = 13.0;
						TestTargetID = 07A61E4126764E7A0003DBFC;
					};
					07A61E6126764E7C0003DBFC = {
						CreatedOnToolsVersion = 13.0;
						TestTargetID = 07A61E4126764E7A0003DBFC;
					};
				};
			};
			buildConfigurationList = 07A61E3D26764E7A0003DBFC /* Build configuration list for PBXProject "DownloadImageExampleApp" */;
			compatibilityVersion = "Xcode 13.0";
			developmentRegion = en;
			hasScannedForEncodings = 0;
			knownRegions = (
				en,
				Base,
			);
			mainGroup = 07A61E3926764E7A0003DBFC;
			productRefGroup = 07A61E4326764E7A0003DBFC /* Products */;
			projectDirPath = "";
			projectRoot = "";
			targets = (
				07A61E4126764E7A0003DBFC /* DownloadImageExampleApp */,
				07A61E5726764E7B0003DBFC /* DownloadImageExampleAppTests */,
				07A61E6126764E7C0003DBFC /* DownloadImageExampleAppUITests */,
			);
		};
/* End PBXProject section */

/* Begin PBXResourcesBuildPhase section */
		07A61E4026764E7A0003DBFC /* Resources */ = {
			isa = PBXResourcesBuildPhase;
			buildActionMask = 2147483647;
			files = (
				07A61E5226764E7B0003DBFC /* LaunchScreen.storyboard in Resources */,
				07A61E4F26764E7B0003DBFC /* Assets.xcassets in Resources */,
				07A61E4D26764E7A0003DBFC /* Main.storyboard in Resources */,
			);
			runOnlyForDeploymentPostprocessing = 0;
		};
		07A61E5626764E7B0003DBFC /* Resources */ = {
			isa = PBXResourcesBuildPhase;
			buildActionMask = 2147483647;
			files = (
			);
			runOnlyForDeploymentPostprocessing = 0;
		};
		07A61E6026764E7C0003DBFC /* Resources */ = {
			isa = PBXResourcesBuildPhase;
			buildActionMask = 2147483647;
			files = (
			);
			runOnlyForDeploymentPostprocessing = 0;
		};
/* End PBXResourcesBuildPhase section */

/* Begin PBXSourcesBuildPhase section */
		07A61E3E26764E7A0003DBFC /* Sources */ = {
			isa = PBXSourcesBuildPhase;
			buildActionMask = 2147483647;
			files = (
				07A61E4A26764E7A0003DBFC /* ViewController.swift in Sources */,
				07A61E4626764E7A0003DBFC /* AppDelegate.swift in Sources */,
				07A61E4826764E7A0003DBFC /* SceneDelegate.swift in Sources */,
			);
			runOnlyForDeploymentPostprocessing = 0;
		};
		07A61E5426764E7B0003DBFC /* Sources */ = {
			isa = PBXSourcesBuildPhase;
			buildActionMask = 2147483647;
			files = (
				07A61E5D26764E7B0003DBFC /* DownloadImageExampleAppTests.swift in Sources */,
			);
			runOnlyForDeploymentPostprocessing = 0;
		};
		07A61E5E26764E7C0003DBFC /* Sources */ = {
			isa = PBXSourcesBuildPhase;
			buildActionMask = 2147483647;
			files = (
				07A61E6726764E7C0003DBFC /* DownloadImageExampleAppUITests.swift in Sources */,
			);
			runOnlyForDeploymentPostprocessing = 0;
		};
/* End PBXSourcesBuildPhase section */

/* Begin PBXTargetDependency section */
		07A61E5A26764E7B0003DBFC /* PBXTargetDependency */ = {
			isa = PBXTargetDependency;
			target = 07A61E4126764E7A0003DBFC /* DownloadImageExampleApp */;
			targetProxy = 07A61E5926764E7B0003DBFC /* PBXContainerItemProxy */;
		};
		07A61E6426764E7C0003DBFC /* PBXTargetDependency */ = {
			isa = PBXTargetDependency;
			target = 07A61E4126764E7A0003DBFC /* DownloadImageExampleApp */;
			targetProxy = 07A61E6326764E7C0003DBFC /* PBXContainerItemProxy */;
		};
/* End PBXTargetDependency section */

/* Begin PBXVariantGroup section */
		07A61E4B26764E7A0003DBFC /* Main.storyboard */ = {
			isa = PBXVariantGroup;
			children = (
				07A61E4C26764E7A0003DBFC /* Base */,
			);
			name = Main.storyboard;
			sourceTree = "<group>";
		};
		07A61E5026764E7B0003DBFC /* LaunchScreen.storyboard */ = {
			isa = PBXVariantGroup;
			children = (
				07A61E5126764E7B0003DBFC /* Base */,
			);
			name = LaunchScreen.storyboard;
			sourceTree = "<group>";
		};
/* End PBXVariantGroup section */

/* Begin XCBuildConfiguration section */
		07A61E6826764E7C0003DBFC /* Debug */ = {
			isa = XCBuildConfiguration;
			buildSettings = {
				ALWAYS_SEARCH_USER_PATHS = NO;
				CLANG_ANALYZER_NONNULL = YES;
				CLANG_ANALYZER_NUMBER_OBJECT_CONVERSION = YES_AGGRESSIVE;
				CLANG_CXX_LANGUAGE_STANDARD = "gnu++14";
				CLANG_CXX_LIBRARY = "libc++";
				CLANG_ENABLE_MODULES = YES;
				CLANG_ENABLE_OBJC_ARC = YES;
				CLANG_ENABLE_OBJC_WEAK = YES;
				CLANG_WARN_BLOCK_CAPTURE_AUTORELEASING = YES;
				CLANG_WARN_BOOL_CONVERSION = YES;
				CLANG_WARN_COMMA = YES;
				CLANG_WARN_CONSTANT_CONVERSION = YES;
				CLANG_WARN_DEPRECATED_OBJC_IMPLEMENTATIONS = YES;
				CLANG_WARN_DIRECT_OBJC_ISA_USAGE = YES_ERROR;
				CLANG_WARN_DOCUMENTATION_COMMENTS = YES;
				CLANG_WARN_EMPTY_BODY = YES;
				CLANG_WARN_ENUM_CONVERSION = YES;
				CLANG_WARN_INFINITE_RECURSION = YES;
				CLANG_WARN_INT_CONVERSION = YES;
				CLANG_WARN_NON_LITERAL_NULL_CONVERSION = YES;
				CLANG_WARN_OBJC_IMPLICIT_RETAIN_SELF = YES;
				CLANG_WARN_OBJC_LITERAL_CONVERSION = YES;
				CLANG_WARN_OBJC_ROOT_CLASS = YES_ERROR;
				CLANG_WARN_QUOTED_INCLUDE_IN_FRAMEWORK_HEADER = YES;
				CLANG_WARN_RANGE_LOOP_ANALYSIS = YES;
				CLANG_WARN_STRICT_PROTOTYPES = YES;
				CLANG_WARN_SUSPICIOUS_MOVE = YES;
				CLANG_WARN_UNGUARDED_AVAILABILITY = YES_AGGRESSIVE;
				CLANG_WARN_UNREACHABLE_CODE = YES;
				CLANG_WARN__DUPLICATE_METHOD_MATCH = YES;
				COPY_PHASE_STRIP = NO;
				DEBUG_INFORMATION_FORMAT = dwarf;
				ENABLE_STRICT_OBJC_MSGSEND = YES;
				ENABLE_TESTABILITY = YES;
				GCC_C_LANGUAGE_STANDARD = gnu11;
				GCC_DYNAMIC_NO_PIC = NO;
				GCC_NO_COMMON_BLOCKS = YES;
				GCC_OPTIMIZATION_LEVEL = 0;
				GCC_PREPROCESSOR_DEFINITIONS = (
					"DEBUG=1",
					"$(inherited)",
				);
				GCC_WARN_64_TO_32_BIT_CONVERSION = YES;
				GCC_WARN_ABOUT_RETURN_TYPE = YES_ERROR;
				GCC_WARN_UNDECLARED_SELECTOR = YES;
				GCC_WARN_UNINITIALIZED_AUTOS = YES_AGGRESSIVE;
				GCC_WARN_UNUSED_FUNCTION = YES;
				GCC_WARN_UNUSED_VARIABLE = YES;
				IPHONEOS_DEPLOYMENT_TARGET = 15.0;
				MTL_ENABLE_DEBUG_INFO = INCLUDE_SOURCE;
				MTL_FAST_MATH = YES;
				ONLY_ACTIVE_ARCH = YES;
				SDKROOT = iphoneos;
				SWIFT_ACTIVE_COMPILATION_CONDITIONS = DEBUG;
				SWIFT_OPTIMIZATION_LEVEL = "-Onone";
			};
			name = Debug;
		};
		07A61E6926764E7C0003DBFC /* Release */ = {
			isa = XCBuildConfiguration;
			buildSettings = {
				ALWAYS_SEARCH_USER_PATHS = NO;
				CLANG_ANALYZER_NONNULL = YES;
				CLANG_ANALYZER_NUMBER_OBJECT_CONVERSION = YES_AGGRESSIVE;
				CLANG_CXX_LANGUAGE_STANDARD = "gnu++14";
				CLANG_CXX_LIBRARY = "libc++";
				CLANG_ENABLE_MODULES = YES;
				CLANG_ENABLE_OBJC_ARC = YES;
				CLANG_ENABLE_OBJC_WEAK = YES;
				CLANG_WARN_BLOCK_CAPTURE_AUTORELEASING = YES;
				CLANG_WARN_BOOL_CONVERSION = YES;
				CLANG_WARN_COMMA = YES;
				CLANG_WARN_CONSTANT_CONVERSION = YES;
				CLANG_WARN_DEPRECATED_OBJC_IMPLEMENTATIONS = YES;
				CLANG_WARN_DIRECT_OBJC_ISA_USAGE = YES_ERROR;
				CLANG_WARN_DOCUMENTATION_COMMENTS = YES;
				CLANG_WARN_EMPTY_BODY = YES;
				CLANG_WARN_ENUM_CONVERSION = YES;
				CLANG_WARN_INFINITE_RECURSION = YES;
				CLANG_WARN_INT_CONVERSION = YES;
				CLANG_WARN_NON_LITERAL_NULL_CONVERSION = YES;
				CLANG_WARN_OBJC_IMPLICIT_RETAIN_SELF = YES;
				CLANG_WARN_OBJC_LITERAL_CONVERSION = YES;
				CLANG_WARN_OBJC_ROOT_CLASS = YES_ERROR;
				CLANG_WARN_QUOTED_INCLUDE_IN_FRAMEWORK_HEADER = YES;
				CLANG_WARN_RANGE_LOOP_ANALYSIS = YES;
				CLANG_WARN_STRICT_PROTOTYPES = YES;
				CLANG_WARN_SUSPICIOUS_MOVE = YES;
				CLANG_WARN_UNGUARDED_AVAILABILITY = YES_AGGRESSIVE;
				CLANG_WARN_UNREACHABLE_CODE = YES;
				CLANG_WARN__DUPLICATE_METHOD_MATCH = YES;
				COPY_PHASE_STRIP = NO;
				DEBUG_INFORMATION_FORMAT = "dwarf-with-dsym";
				ENABLE_NS_ASSERTIONS = NO;
				ENABLE_STRICT_OBJC_MSGSEND = YES;
				GCC_C_LANGUAGE_STANDARD = gnu11;
				GCC_NO_COMMON_BLOCKS = YES;
				GCC_WARN_64_TO_32_BIT_CONVERSION = YES;
				GCC_WARN_ABOUT_RETURN_TYPE = YES_ERROR;
				GCC_WARN_UNDECLARED_SELECTOR = YES;
				GCC_WARN_UNINITIALIZED_AUTOS = YES_AGGRESSIVE;
				GCC_WARN_UNUSED_FUNCTION = YES;
				GCC_WARN_UNUSED_VARIABLE = YES;
				IPHONEOS_DEPLOYMENT_TARGET = 15.0;
				MTL_ENABLE_DEBUG_INFO = NO;
				MTL_FAST_MATH = YES;
				SDKROOT = iphoneos;
				SWIFT_COMPILATION_MODE = wholemodule;
				SWIFT_OPTIMIZATION_LEVEL = "-O";
				VALIDATE_PRODUCT = YES;
			};
			name = Release;
		};
		07A61E6B26764E7C0003DBFC /* Debug */ = {
			isa = XCBuildConfiguration;
			buildSettings = {
				ASSETCATALOG_COMPILER_APPICON_NAME = AppIcon;
				ASSETCATALOG_COMPILER_GLOBAL_ACCENT_COLOR_NAME = AccentColor;
				CODE_SIGN_STYLE = Automatic;
				CURRENT_PROJECT_VERSION = 1;
				GENERATE_INFOPLIST_FILE = YES;
				INFOPLIST_FILE = DownloadImageExampleApp/Info.plist;
				INFOPLIST_KEY_UIApplicationSupportsIndirectInputEvents = YES;
				INFOPLIST_KEY_UILaunchStoryboardName = LaunchScreen;
				INFOPLIST_KEY_UIMainStoryboardFile = Main;
				INFOPLIST_KEY_UISupportedInterfaceOrientations_iPad = "UIInterfaceOrientationPortrait UIInterfaceOrientationPortraitUpsideDown UIInterfaceOrientationLandscapeLeft UIInterfaceOrientationLandscapeRight";
				INFOPLIST_KEY_UISupportedInterfaceOrientations_iPhone = "UIInterfaceOrientationPortrait UIInterfaceOrientationLandscapeLeft UIInterfaceOrientationLandscapeRight";
				LD_RUNPATH_SEARCH_PATHS = (
					"$(inherited)",
					"@executable_path/Frameworks",
				);
				MARKETING_VERSION = 1.0;
				PRODUCT_BUNDLE_IDENTIFIER = com.avi.DownloadImageExampleApp;
				PRODUCT_NAME = "$(TARGET_NAME)";
				SWIFT_EMIT_LOC_STRINGS = YES;
				SWIFT_VERSION = 5.0;
				TARGETED_DEVICE_FAMILY = "1,2";
			};
			name = Debug;
		};
		07A61E6C26764E7C0003DBFC /* Release */ = {
			isa = XCBuildConfiguration;
			buildSettings = {
				ASSETCATALOG_COMPILER_APPICON_NAME = AppIcon;
				ASSETCATALOG_COMPILER_GLOBAL_ACCENT_COLOR_NAME = AccentColor;
				CODE_SIGN_STYLE = Automatic;
				CURRENT_PROJECT_VERSION = 1;
				GENERATE_INFOPLIST_FILE = YES;
				INFOPLIST_FILE = DownloadImageExampleApp/Info.plist;
				INFOPLIST_KEY_UIApplicationSupportsIndirectInputEvents = YES;
				INFOPLIST_KEY_UILaunchStoryboardName = LaunchScreen;
				INFOPLIST_KEY_UIMainStoryboardFile = Main;
				INFOPLIST_KEY_UISupportedInterfaceOrientations_iPad = "UIInterfaceOrientationPortrait UIInterfaceOrientationPortraitUpsideDown UIInterfaceOrientationLandscapeLeft UIInterfaceOrientationLandscapeRight";
				INFOPLIST_KEY_UISupportedInterfaceOrientations_iPhone = "UIInterfaceOrientationPortrait UIInterfaceOrientationLandscapeLeft UIInterfaceOrientationLandscapeRight";
				LD_RUNPATH_SEARCH_PATHS = (
					"$(inherited)",
					"@executable_path/Frameworks",
				);
				MARKETING_VERSION = 1.0;
				PRODUCT_BUNDLE_IDENTIFIER = com.avi.DownloadImageExampleApp;
				PRODUCT_NAME = "$(TARGET_NAME)";
				SWIFT_EMIT_LOC_STRINGS = YES;
				SWIFT_VERSION = 5.0;
				TARGETED_DEVICE_FAMILY = "1,2";
			};
			name = Release;
		};
		07A61E6E26764E7C0003DBFC /* Debug */ = {
			isa = XCBuildConfiguration;
			buildSettings = {
				ALWAYS_EMBED_SWIFT_STANDARD_LIBRARIES = YES;
				BUNDLE_LOADER = "$(TEST_HOST)";
				CODE_SIGN_STYLE = Automatic;
				CURRENT_PROJECT_VERSION = 1;
				GENERATE_INFOPLIST_FILE = YES;
				IPHONEOS_DEPLOYMENT_TARGET = 15.0;
				LD_RUNPATH_SEARCH_PATHS = (
					"$(inherited)",
					"@executable_path/Frameworks",
					"@loader_path/Frameworks",
				);
				MARKETING_VERSION = 1.0;
				PRODUCT_BUNDLE_IDENTIFIER = com.avi.DownloadImageExampleAppTests;
				PRODUCT_NAME = "$(TARGET_NAME)";
				SWIFT_EMIT_LOC_STRINGS = NO;
				SWIFT_VERSION = 5.0;
				TARGETED_DEVICE_FAMILY = "1,2";
				TEST_HOST = "$(BUILT_PRODUCTS_DIR)/DownloadImageExampleApp.app/DownloadImageExampleApp";
			};
			name = Debug;
		};
		07A61E6F26764E7C0003DBFC /* Release */ = {
			isa = XCBuildConfiguration;
			buildSettings = {
				ALWAYS_EMBED_SWIFT_STANDARD_LIBRARIES = YES;
				BUNDLE_LOADER = "$(TEST_HOST)";
				CODE_SIGN_STYLE = Automatic;
				CURRENT_PROJECT_VERSION = 1;
				GENERATE_INFOPLIST_FILE = YES;
				IPHONEOS_DEPLOYMENT_TARGET = 15.0;
				LD_RUNPATH_SEARCH_PATHS = (
					"$(inherited)",
					"@executable_path/Frameworks",
					"@loader_path/Frameworks",
				);
				MARKETING_VERSION = 1.0;
				PRODUCT_BUNDLE_IDENTIFIER = com.avi.DownloadImageExampleAppTests;
				PRODUCT_NAME = "$(TARGET_NAME)";
				SWIFT_EMIT_LOC_STRINGS = NO;
				SWIFT_VERSION = 5.0;
				TARGETED_DEVICE_FAMILY = "1,2";
				TEST_HOST = "$(BUILT_PRODUCTS_DIR)/DownloadImageExampleApp.app/DownloadImageExampleApp";
			};
			name = Release;
		};
		07A61E7126764E7C0003DBFC /* Debug */ = {
			isa = XCBuildConfiguration;
			buildSettings = {
				ALWAYS_EMBED_SWIFT_STANDARD_LIBRARIES = YES;
				CODE_SIGN_STYLE = Automatic;
				CURRENT_PROJECT_VERSION = 1;
				GENERATE_INFOPLIST_FILE = YES;
				LD_RUNPATH_SEARCH_PATHS = (
					"$(inherited)",
					"@executable_path/Frameworks",
					"@loader_path/Frameworks",
				);
				MARKETING_VERSION = 1.0;
				PRODUCT_BUNDLE_IDENTIFIER = com.avi.DownloadImageExampleAppUITests;
				PRODUCT_NAME = "$(TARGET_NAME)";
				SWIFT_EMIT_LOC_STRINGS = NO;
				SWIFT_VERSION = 5.0;
				TARGETED_DEVICE_FAMILY = "1,2";
				TEST_TARGET_NAME = DownloadImageExampleApp;
			};
			name = Debug;
		};
		07A61E7226764E7C0003DBFC /* Release */ = {
			isa = XCBuildConfiguration;
			buildSettings = {
				ALWAYS_EMBED_SWIFT_STANDARD_LIBRARIES = YES;
				CODE_SIGN_STYLE = Automatic;
				CURRENT_PROJECT_VERSION = 1;
				GENERATE_INFOPLIST_FILE = YES;
				LD_RUNPATH_SEARCH_PATHS = (
					"$(inherited)",
					"@executable_path/Frameworks",
					"@loader_path/Frameworks",
				);
				MARKETING_VERSION = 1.0;
				PRODUCT_BUNDLE_IDENTIFIER = com.avi.DownloadImageExampleAppUITests;
				PRODUCT_NAME = "$(TARGET_NAME)";
				SWIFT_EMIT_LOC_STRINGS = NO;
				SWIFT_VERSION = 5.0;
				TARGETED_DEVICE_FAMILY = "1,2";
				TEST_TARGET_NAME = DownloadImageExampleApp;
			};
			name = Release;
		};
/* End XCBuildConfiguration section */

/* Begin XCConfigurationList section */
		07A61E3D26764E7A0003DBFC /* Build configuration list for PBXProject "DownloadImageExampleApp" */ = {
			isa = XCConfigurationList;
			buildConfigurations = (
				07A61E6826764E7C0003DBFC /* Debug */,
				07A61E6926764E7C0003DBFC /* Release */,
			);
			defaultConfigurationIsVisible = 0;
			defaultConfigurationName = Release;
		};
		07A61E6A26764E7C0003DBFC /* Build configuration list for PBXNativeTarget "DownloadImageExampleApp" */ = {
			isa = XCConfigurationList;
			buildConfigurations = (
				07A61E6B26764E7C0003DBFC /* Debug */,
				07A61E6C26764E7C0003DBFC /* Release */,
			);
			defaultConfigurationIsVisible = 0;
			defaultConfigurationName = Release;
		};
		07A61E6D26764E7C0003DBFC /* Build configuration list for PBXNativeTarget "DownloadImageExampleAppTests" */ = {
			isa = XCConfigurationList;
			buildConfigurations = (
				07A61E6E26764E7C0003DBFC /* Debug */,
				07A61E6F26764E7C0003DBFC /* Release */,
			);
			defaultConfigurationIsVisible = 0;
			defaultConfigurationName = Release;
		};
		07A61E7026764E7C0003DBFC /* Build configuration list for PBXNativeTarget "DownloadImageExampleAppUITests" */ = {
			isa = XCConfigurationList;
			buildConfigurations = (
				07A61E7126764E7C0003DBFC /* Debug */,
				07A61E7226764E7C0003DBFC /* Release */,
			);
			defaultConfigurationIsVisible = 0;
			defaultConfigurationName = Release;
		};
/* End XCConfigurationList section */
	};
	rootObject = 07A61E3A26764E7A0003DBFC /* Project object */;
}
